{
  "name": "bridge",
  "version": "1.0.0",
  "lockfileVersion": 1,
  "requires": true,
  "dependencies": {
    "bn.js": {
      "version": "4.11.8",
      "resolved": "https://registry.npmjs.org/bn.js/-/bn.js-4.11.8.tgz",
      "integrity": "sha512-ItfYfPLkWHUjckQCk8xC+LwxgK8NYcXywGigJgSwOP8Y2iyWT4f2vsZnoOXTTbo+o5yXmIUJ4gn5538SO5S3gA=="
    },
    "rlp": {
      "version": "2.2.3",
      "resolved": "https://registry.npmjs.org/rlp/-/rlp-2.2.3.tgz",
      "integrity": "sha512-l6YVrI7+d2vpW6D6rS05x2Xrmq8oW7v3pieZOJKBEdjuTF4Kz/iwk55Zyh1Zaz+KOB2kC8+2jZlp2u9L4tTzCQ==",
      "requires": {
        "bn.js": "^4.11.1",
        "safe-buffer": "^5.1.1"
      }
    },
    "safe-buffer": {
      "version": "5.2.0",
      "resolved": "https://registry.npmjs.org/safe-buffer/-/safe-buffer-5.2.0.tgz",
      "integrity": "sha512-fZEwUGbVl7kouZs1jCdMLdt95hdIv0ZeHg6L7qPeciMZhZ+/gdesW4wgTARkrFWEpspjEATAzUGPG8N2jJiwbg=="
    }
  }
}
