{
  "name": "scripts",
  "version": "1.0.0",
  "lockfileVersion": 1,
  "requires": true,
  "dependencies": {
    "rskapi": {
      "version": "0.0.10",
      "resolved": "https://registry.npmjs.org/rskapi/-/rskapi-0.0.10.tgz",
      "integrity": "sha512-FXND79Oysqxkk34j0TWQYt1scK2CmH24x8nxqupaN4Qjlqtu5qknWe/fwefpO5Btt/dkpGLoWKxpFkO1PwtGPg==",
      "requires": {
        "simplejsonrpc": "0.0.6"
      }
    },
    "simpleabi": {
      "version": "0.0.3",
      "resolved": "https://registry.npmjs.org/simpleabi/-/simpleabi-0.0.3.tgz",
      "integrity": "sha512-kj6o3fsXlc7BKdSyhZNx9a26cQuYP0bAvdvuegpajitbHhCGlHG5bliroeK0hk9J0qbFbt2lJgLQregoJiaEnw=="
    },
    "simpleasync": {
      "version": "0.0.8",
      "resolved": "https://registry.npmjs.org/simpleasync/-/simpleasync-0.0.8.tgz",
      "integrity": "sha1-Yo5wMJ3VqeoZsVrSIMIJMxt/Esc="
    },
    "simplejsonrpc": {
      "version": "0.0.6",
      "resolved": "https://registry.npmjs.org/simplejsonrpc/-/simplejsonrpc-0.0.6.tgz",
      "integrity": "sha512-MrrRxnHpZXIDDAYSMBAqUfBiWZNNAfDW+cFlAWv/Hq9RUn+hS2JID7shETmVNScPDiV5Zn5EePZb7V5jlHkvRw=="
    }
  }
}
