{
  "requires": true,
  "lockfileVersion": 1,
  "dependencies": {
    "rskapi": {
      "version": "0.0.9",
      "resolved": "https://registry.npmjs.org/rskapi/-/rskapi-0.0.9.tgz",
      "integrity": "sha512-xtiTEfPdaCgXiXu5AVFAczE1aisNFIemkZB5A3k3Bfgu/qRLfypGK6X5LfKsSD7AgxYEYNZTksIFx5OtM8AylQ==",
      "requires": {
        "simplejsonrpc": "0.0.5"
      }
    },
    "simpleabi": {
      "version": "0.0.3",
      "resolved": "https://registry.npmjs.org/simpleabi/-/simpleabi-0.0.3.tgz",
      "integrity": "sha512-kj6o3fsXlc7BKdSyhZNx9a26cQuYP0bAvdvuegpajitbHhCGlHG5bliroeK0hk9J0qbFbt2lJgLQregoJiaEnw=="
    },
    "simpleasync": {
      "version": "0.0.8",
      "resolved": "https://registry.npmjs.org/simpleasync/-/simpleasync-0.0.8.tgz",
      "integrity": "sha1-Yo5wMJ3VqeoZsVrSIMIJMxt/Esc="
    },
    "simplejsonrpc": {
      "version": "0.0.5",
      "resolved": "https://registry.npmjs.org/simplejsonrpc/-/simplejsonrpc-0.0.5.tgz",
      "integrity": "sha512-HM+DWeO5cb1Oy5cxJSmAGpBT4DtWwXnqKoxr2b2SnbNaionn2/Qqp/Ut7m2AemH4QiFY5Ub1TfoyN//0X6m38g=="
    }
  }
}
